// !$*UTF8*$!
{
	archiveVersion = 1;
	classes = {
	};
	objectVersion = 50;
	objects = {

/* Begin PBXBuildFile section */
		37551D5722034E9700BF9D16 /* AppDelegate.swift in Sources */ = {isa = PBXBuildFile; fileRef = 37551D5622034E9700BF9D16 /* AppDelegate.swift */; };
		37551D5922034E9800BF9D16 /* ViewController.swift in Sources */ = {isa = PBXBuildFile; fileRef = 37551D5822034E9800BF9D16 /* ViewController.swift */; };
		37551D5C22034E9800BF9D16 /* Main.storyboard in Resources */ = {isa = PBXBuildFile; fileRef = 37551D5A22034E9800BF9D16 /* Main.storyboard */; };
		37551D5E22034E9800BF9D16 /* Assets.xcassets in Resources */ = {isa = PBXBuildFile; fileRef = 37551D5D22034E9800BF9D16 /* Assets.xcassets */; };
		37551D6122034E9800BF9D16 /* LaunchScreen.storyboard in Resources */ = {isa = PBXBuildFile; fileRef = 37551D5F22034E9800BF9D16 /* LaunchScreen.storyboard */; };
		37551D6C22034E9800BF9D16 /* miner_mobileTests.swift in Sources */ = {isa = PBXBuildFile; fileRef = 37551D6B22034E9800BF9D16 /* miner_mobileTests.swift */; };
		37551D7722034E9800BF9D16 /* miner_mobileUITests.swift in Sources */ = {isa = PBXBuildFile; fileRef = 37551D7622034E9800BF9D16 /* miner_mobileUITests.swift */; };
/* End PBXBuildFile section */

/* Begin PBXContainerItemProxy section */
		37551D6822034E9800BF9D16 /* PBXContainerItemProxy */ = {
			isa = PBXContainerItemProxy;
			containerPortal = 37551D4B22034E9700BF9D16 /* Project object */;
			proxyType = 1;
			remoteGlobalIDString = 37551D5222034E9700BF9D16;
			remoteInfo = "miner-mobile";
		};
		37551D7322034E9800BF9D16 /* PBXContainerItemProxy */ = {
			isa = PBXContainerItemProxy;
			containerPortal = 37551D4B22034E9700BF9D16 /* Project object */;
			proxyType = 1;
			remoteGlobalIDString = 37551D5222034E9700BF9D16;
			remoteInfo = "miner-mobile";
		};
/* End PBXContainerItemProxy section */

/* Begin PBXFileReference section */
		37551D5322034E9700BF9D16 /* miner-mobile.app */ = {isa = PBXFileReference; explicitFileType = wrapper.application; includeInIndex = 0; path = "miner-mobile.app"; sourceTree = BUILT_PRODUCTS_DIR; };
		37551D5622034E9700BF9D16 /* AppDelegate.swift */ = {isa = PBXFileReference; lastKnownFileType = sourcecode.swift; path = AppDelegate.swift; sourceTree = "<group>"; };
		37551D5822034E9800BF9D16 /* ViewController.swift */ = {isa = PBXFileReference; lastKnownFileType = sourcecode.swift; path = ViewController.swift; sourceTree = "<group>"; };
		37551D5B22034E9800BF9D16 /* Base */ = {isa = PBXFileReference; lastKnownFileType = file.storyboard; name = Base; path = Base.lproj/Main.storyboard; sourceTree = "<group>"; };
		37551D5D22034E9800BF9D16 /* Assets.xcassets */ = {isa = PBXFileReference; lastKnownFileType = folder.assetcatalog; path = Assets.xcassets; sourceTree = "<group>"; };
		37551D6022034E9800BF9D16 /* Base */ = {isa = PBXFileReference; lastKnownFileType = file.storyboard; name = Base; path = Base.lproj/LaunchScreen.storyboard; sourceTree = "<group>"; };
		37551D6222034E9800BF9D16 /* Info.plist */ = {isa = PBXFileReference; lastKnownFileType = text.plist.xml; path = Info.plist; sourceTree = "<group>"; };
		37551D6722034E9800BF9D16 /* miner-mobileTests.xctest */ = {isa = PBXFileReference; explicitFileType = wrapper.cfbundle; includeInIndex = 0; path = "miner-mobileTests.xctest"; sourceTree = BUILT_PRODUCTS_DIR; };
		37551D6B22034E9800BF9D16 /* miner_mobileTests.swift */ = {isa = PBXFileReference; lastKnownFileType = sourcecode.swift; path = miner_mobileTests.swift; sourceTree = "<group>"; };
		37551D6D22034E9800BF9D16 /* Info.plist */ = {isa = PBXFileReference; lastKnownFileType = text.plist.xml; path = Info.plist; sourceTree = "<group>"; };
		37551D7222034E9800BF9D16 /* miner-mobileUITests.xctest */ = {isa = PBXFileReference; explicitFileType = wrapper.cfbundle; includeInIndex = 0; path = "miner-mobileUITests.xctest"; sourceTree = BUILT_PRODUCTS_DIR; };
		37551D7622034E9800BF9D16 /* miner_mobileUITests.swift */ = {isa = PBXFileReference; lastKnownFileType = sourcecode.swift; path = miner_mobileUITests.swift; sourceTree = "<group>"; };
		37551D7822034E9800BF9D16 /* Info.plist */ = {isa = PBXFileReference; lastKnownFileType = text.plist.xml; path = Info.plist; sourceTree = "<group>"; };
/* End PBXFileReference section */

/* Begin PBXFrameworksBuildPhase section */
		37551D5022034E9700BF9D16 /* Frameworks */ = {
			isa = PBXFrameworksBuildPhase;
			buildActionMask = 2147483647;
			files = (
			);
			runOnlyForDeploymentPostprocessing = 0;
		};
		37551D6422034E9800BF9D16 /* Frameworks */ = {
			isa = PBXFrameworksBuildPhase;
			buildActionMask = 2147483647;
			files = (
			);
			runOnlyForDeploymentPostprocessing = 0;
		};
		37551D6F22034E9800BF9D16 /* Frameworks */ = {
			isa = PBXFrameworksBuildPhase;
			buildActionMask = 2147483647;
			files = (
			);
			runOnlyForDeploymentPostprocessing = 0;
		};
/* End PBXFrameworksBuildPhase section */

/* Begin PBXGroup section */
		37551D4A22034E9700BF9D16 = {
			isa = PBXGroup;
			children = (
				37551D5522034E9700BF9D16 /* miner-mobile */,
				37551D6A22034E9800BF9D16 /* miner-mobileTests */,
				37551D7522034E9800BF9D16 /* miner-mobileUITests */,
				37551D5422034E9700BF9D16 /* Products */,
			);
			sourceTree = "<group>";
		};
		37551D5422034E9700BF9D16 /* Products */ = {
			isa = PBXGroup;
			children = (
				37551D5322034E9700BF9D16 /* miner-mobile.app */,
				37551D6722034E9800BF9D16 /* miner-mobileTests.xctest */,
				37551D7222034E9800BF9D16 /* miner-mobileUITests.xctest */,
			);
			name = Products;
			sourceTree = "<group>";
		};
		37551D5522034E9700BF9D16 /* miner-mobile */ = {
			isa = PBXGroup;
			children = (
				37551D5622034E9700BF9D16 /* AppDelegate.swift */,
				37551D5822034E9800BF9D16 /* ViewController.swift */,
				37551D5A22034E9800BF9D16 /* Main.storyboard */,
				37551D5D22034E9800BF9D16 /* Assets.xcassets */,
				37551D5F22034E9800BF9D16 /* LaunchScreen.storyboard */,
				37551D6222034E9800BF9D16 /* Info.plist */,
			);
			path = "miner-mobile";
			sourceTree = "<group>";
		};
		37551D6A22034E9800BF9D16 /* miner-mobileTests */ = {
			isa = PBXGroup;
			children = (
				37551D6B22034E9800BF9D16 /* miner_mobileTests.swift */,
				37551D6D22034E9800BF9D16 /* Info.plist */,
			);
			path = "miner-mobileTests";
			sourceTree = "<group>";
		};
		37551D7522034E9800BF9D16 /* miner-mobileUITests */ = {
			isa = PBXGroup;
			children = (
				37551D7622034E9800BF9D16 /* miner_mobileUITests.swift */,
				37551D7822034E9800BF9D16 /* Info.plist */,
			);
			path = "miner-mobileUITests";
			sourceTree = "<group>";
		};
/* End PBXGroup section */

/* Begin PBXNativeTarget section */
		37551D5222034E9700BF9D16 /* miner-mobile */ = {
			isa = PBXNativeTarget;
			buildConfigurationList = 37551D7B22034E9800BF9D16 /* Build configuration list for PBXNativeTarget "miner-mobile" */;
			buildPhases = (
				37551D4F22034E9700BF9D16 /* Sources */,
				37551D5022034E9700BF9D16 /* Frameworks */,
				37551D5122034E9700BF9D16 /* Resources */,
			);
			buildRules = (
			);
			dependencies = (
			);
			name = "miner-mobile";
			productName = "miner-mobile";
			productReference = 37551D5322034E9700BF9D16 /* miner-mobile.app */;
			productType = "com.apple.product-type.application";
		};
		37551D6622034E9800BF9D16 /* miner-mobileTests */ = {
			isa = PBXNativeTarget;
			buildConfigurationList = 37551D7E22034E9800BF9D16 /* Build configuration list for PBXNativeTarget "miner-mobileTests" */;
			buildPhases = (
				37551D6322034E9800BF9D16 /* Sources */,
				37551D6422034E9800BF9D16 /* Frameworks */,
				37551D6522034E9800BF9D16 /* Resources */,
			);
			buildRules = (
			);
			dependencies = (
				37551D6922034E9800BF9D16 /* PBXTargetDependency */,
			);
			name = "miner-mobileTests";
			productName = "miner-mobileTests";
			productReference = 37551D6722034E9800BF9D16 /* miner-mobileTests.xctest */;
			productType = "com.apple.product-type.bundle.unit-test";
		};
		37551D7122034E9800BF9D16 /* miner-mobileUITests */ = {
			isa = PBXNativeTarget;
			buildConfigurationList = 37551D8122034E9800BF9D16 /* Build configuration list for PBXNativeTarget "miner-mobileUITests" */;
			buildPhases = (
				37551D6E22034E9800BF9D16 /* Sources */,
				37551D6F22034E9800BF9D16 /* Frameworks */,
				37551D7022034E9800BF9D16 /* Resources */,
			);
			buildRules = (
			);
			dependencies = (
				37551D7422034E9800BF9D16 /* PBXTargetDependency */,
			);
			name = "miner-mobileUITests";
			productName = "miner-mobileUITests";
			productReference = 37551D7222034E9800BF9D16 /* miner-mobileUITests.xctest */;
			productType = "com.apple.product-type.bundle.ui-testing";
		};
/* End PBXNativeTarget section */

/* Begin PBXProject section */
		37551D4B22034E9700BF9D16 /* Project object */ = {
			isa = PBXProject;
			attributes = {
				LastSwiftUpdateCheck = 1010;
				LastUpgradeCheck = 1010;
				ORGANIZATIONNAME = "Frank Caron";
				TargetAttributes = {
					37551D5222034E9700BF9D16 = {
						CreatedOnToolsVersion = 10.1;
					};
					37551D6622034E9800BF9D16 = {
						CreatedOnToolsVersion = 10.1;
						TestTargetID = 37551D5222034E9700BF9D16;
					};
					37551D7122034E9800BF9D16 = {
						CreatedOnToolsVersion = 10.1;
						TestTargetID = 37551D5222034E9700BF9D16;
					};
				};
			};
			buildConfigurationList = 37551D4E22034E9700BF9D16 /* Build configuration list for PBXProject "miner-mobile" */;
			compatibilityVersion = "Xcode 9.3";
			developmentRegion = en;
			hasScannedForEncodings = 0;
			knownRegions = (
				en,
				Base,
			);
			mainGroup = 37551D4A22034E9700BF9D16;
			productRefGroup = 37551D5422034E9700BF9D16 /* Products */;
			projectDirPath = "";
			projectRoot = "";
			targets = (
				37551D5222034E9700BF9D16 /* miner-mobile */,
				37551D6622034E9800BF9D16 /* miner-mobileTests */,
				37551D7122034E9800BF9D16 /* miner-mobileUITests */,
			);
		};
/* End PBXProject section */

/* Begin PBXResourcesBuildPhase section */
		37551D5122034E9700BF9D16 /* Resources */ = {
			isa = PBXResourcesBuildPhase;
			buildActionMask = 2147483647;
			files = (
				37551D6122034E9800BF9D16 /* LaunchScreen.storyboard in Resources */,
				37551D5E22034E9800BF9D16 /* Assets.xcassets in Resources */,
				37551D5C22034E9800BF9D16 /* Main.storyboard in Resources */,
			);
			runOnlyForDeploymentPostprocessing = 0;
		};
		37551D6522034E9800BF9D16 /* Resources */ = {
			isa = PBXResourcesBuildPhase;
			buildActionMask = 2147483647;
			files = (
			);
			runOnlyForDeploymentPostprocessing = 0;
		};
		37551D7022034E9800BF9D16 /* Resources */ = {
			isa = PBXResourcesBuildPhase;
			buildActionMask = 2147483647;
			files = (
			);
			runOnlyForDeploymentPostprocessing = 0;
		};
/* End PBXResourcesBuildPhase section */

/* Begin PBXSourcesBuildPhase section */
		37551D4F22034E9700BF9D16 /* Sources */ = {
			isa = PBXSourcesBuildPhase;
			buildActionMask = 2147483647;
			files = (
				37551D5922034E9800BF9D16 /* ViewController.swift in Sources */,
				37551D5722034E9700BF9D16 /* AppDelegate.swift in Sources */,
			);
			runOnlyForDeploymentPostprocessing = 0;
		};
		37551D6322034E9800BF9D16 /* Sources */ = {
			isa = PBXSourcesBuildPhase;
			buildActionMask = 2147483647;
			files = (
				37551D6C22034E9800BF9D16 /* miner_mobileTests.swift in Sources */,
			);
			runOnlyForDeploymentPostprocessing = 0;
		};
		37551D6E22034E9800BF9D16 /* Sources */ = {
			isa = PBXSourcesBuildPhase;
			buildActionMask = 2147483647;
			files = (
				37551D7722034E9800BF9D16 /* miner_mobileUITests.swift in Sources */,
			);
			runOnlyForDeploymentPostprocessing = 0;
		};
/* End PBXSourcesBuildPhase section */

/* Begin PBXTargetDependency section */
		37551D6922034E9800BF9D16 /* PBXTargetDependency */ = {
			isa = PBXTargetDependency;
			target = 37551D5222034E9700BF9D16 /* miner-mobile */;
			targetProxy = 37551D6822034E9800BF9D16 /* PBXContainerItemProxy */;
		};
		37551D7422034E9800BF9D16 /* PBXTargetDependency */ = {
			isa = PBXTargetDependency;
			target = 37551D5222034E9700BF9D16 /* miner-mobile */;
			targetProxy = 37551D7322034E9800BF9D16 /* PBXContainerItemProxy */;
		};
/* End PBXTargetDependency section */

/* Begin PBXVariantGroup section */
		37551D5A22034E9800BF9D16 /* Main.storyboard */ = {
			isa = PBXVariantGroup;
			children = (
				37551D5B22034E9800BF9D16 /* Base */,
			);
			name = Main.storyboard;
			sourceTree = "<group>";
		};
		37551D5F22034E9800BF9D16 /* LaunchScreen.storyboard */ = {
			isa = PBXVariantGroup;
			children = (
				37551D6022034E9800BF9D16 /* Base */,
			);
			name = LaunchScreen.storyboard;
			sourceTree = "<group>";
		};
/* End PBXVariantGroup section */

/* Begin XCBuildConfiguration section */
		37551D7922034E9800BF9D16 /* Debug */ = {
			isa = XCBuildConfiguration;
			buildSettings = {
				ALWAYS_SEARCH_USER_PATHS = NO;
				CLANG_ANALYZER_NONNULL = YES;
				CLANG_ANALYZER_NUMBER_OBJECT_CONVERSION = YES_AGGRESSIVE;
				CLANG_CXX_LANGUAGE_STANDARD = "gnu++14";
				CLANG_CXX_LIBRARY = "libc++";
				CLANG_ENABLE_MODULES = YES;
				CLANG_ENABLE_OBJC_ARC = YES;
				CLANG_ENABLE_OBJC_WEAK = YES;
				CLANG_WARN_BLOCK_CAPTURE_AUTORELEASING = YES;
				CLANG_WARN_BOOL_CONVERSION = YES;
				CLANG_WARN_COMMA = YES;
				CLANG_WARN_CONSTANT_CONVERSION = YES;
				CLANG_WARN_DEPRECATED_OBJC_IMPLEMENTATIONS = YES;
				CLANG_WARN_DIRECT_OBJC_ISA_USAGE = YES_ERROR;
				CLANG_WARN_DOCUMENTATION_COMMENTS = YES;
				CLANG_WARN_EMPTY_BODY = YES;
				CLANG_WARN_ENUM_CONVERSION = YES;
				CLANG_WARN_INFINITE_RECURSION = YES;
				CLANG_WARN_INT_CONVERSION = YES;
				CLANG_WARN_NON_LITERAL_NULL_CONVERSION = YES;
				CLANG_WARN_OBJC_IMPLICIT_RETAIN_SELF = YES;
				CLANG_WARN_OBJC_LITERAL_CONVERSION = YES;
				CLANG_WARN_OBJC_ROOT_CLASS = YES_ERROR;
				CLANG_WARN_RANGE_LOOP_ANALYSIS = YES;
				CLANG_WARN_STRICT_PROTOTYPES = YES;
				CLANG_WARN_SUSPICIOUS_MOVE = YES;
				CLANG_WARN_UNGUARDED_AVAILABILITY = YES_AGGRESSIVE;
				CLANG_WARN_UNREACHABLE_CODE = YES;
				CLANG_WARN__DUPLICATE_METHOD_MATCH = YES;
				CODE_SIGN_IDENTITY = "iPhone Developer";
				COPY_PHASE_STRIP = NO;
				DEBUG_INFORMATION_FORMAT = dwarf;
				ENABLE_STRICT_OBJC_MSGSEND = YES;
				ENABLE_TESTABILITY = YES;
				GCC_C_LANGUAGE_STANDARD = gnu11;
				GCC_DYNAMIC_NO_PIC = NO;
				GCC_NO_COMMON_BLOCKS = YES;
				GCC_OPTIMIZATION_LEVEL = 0;
				GCC_PREPROCESSOR_DEFINITIONS = (
					"DEBUG=1",
					"$(inherited)",
				);
				GCC_WARN_64_TO_32_BIT_CONVERSION = YES;
				GCC_WARN_ABOUT_RETURN_TYPE = YES_ERROR;
				GCC_WARN_UNDECLARED_SELECTOR = YES;
				GCC_WARN_UNINITIALIZED_AUTOS = YES_AGGRESSIVE;
				GCC_WARN_UNUSED_FUNCTION = YES;
				GCC_WARN_UNUSED_VARIABLE = YES;
				IPHONEOS_DEPLOYMENT_TARGET = 12.1;
				MTL_ENABLE_DEBUG_INFO = INCLUDE_SOURCE;
				MTL_FAST_MATH = YES;
				ONLY_ACTIVE_ARCH = YES;
				SDKROOT = iphoneos;
				SWIFT_ACTIVE_COMPILATION_CONDITIONS = DEBUG;
				SWIFT_OPTIMIZATION_LEVEL = "-Onone";
			};
			name = Debug;
		};
		37551D7A22034E9800BF9D16 /* Release */ = {
			isa = XCBuildConfiguration;
			buildSettings = {
				ALWAYS_SEARCH_USER_PATHS = NO;
				CLANG_ANALYZER_NONNULL = YES;
				CLANG_ANALYZER_NUMBER_OBJECT_CONVERSION = YES_AGGRESSIVE;
				CLANG_CXX_LANGUAGE_STANDARD = "gnu++14";
				CLANG_CXX_LIBRARY = "libc++";
				CLANG_ENABLE_MODULES = YES;
				CLANG_ENABLE_OBJC_ARC = YES;
				CLANG_ENABLE_OBJC_WEAK = YES;
				CLANG_WARN_BLOCK_CAPTURE_AUTORELEASING = YES;
				CLANG_WARN_BOOL_CONVERSION = YES;
				CLANG_WARN_COMMA = YES;
				CLANG_WARN_CONSTANT_CONVERSION = YES;
				CLANG_WARN_DEPRECATED_OBJC_IMPLEMENTATIONS = YES;
				CLANG_WARN_DIRECT_OBJC_ISA_USAGE = YES_ERROR;
				CLANG_WARN_DOCUMENTATION_COMMENTS = YES;
				CLANG_WARN_EMPTY_BODY = YES;
				CLANG_WARN_ENUM_CONVERSION = YES;
				CLANG_WARN_INFINITE_RECURSION = YES;
				CLANG_WARN_INT_CONVERSION = YES;
				CLANG_WARN_NON_LITERAL_NULL_CONVERSION = YES;
				CLANG_WARN_OBJC_IMPLICIT_RETAIN_SELF = YES;
				CLANG_WARN_OBJC_LITERAL_CONVERSION = YES;
				CLANG_WARN_OBJC_ROOT_CLASS = YES_ERROR;
				CLANG_WARN_RANGE_LOOP_ANALYSIS = YES;
				CLANG_WARN_STRICT_PROTOTYPES = YES;
				CLANG_WARN_SUSPICIOUS_MOVE = YES;
				CLANG_WARN_UNGUARDED_AVAILABILITY = YES_AGGRESSIVE;
				CLANG_WARN_UNREACHABLE_CODE = YES;
				CLANG_WARN__DUPLICATE_METHOD_MATCH = YES;
				CODE_SIGN_IDENTITY = "iPhone Developer";
				COPY_PHASE_STRIP = NO;
				DEBUG_INFORMATION_FORMAT = "dwarf-with-dsym";
				ENABLE_NS_ASSERTIONS = NO;
				ENABLE_STRICT_OBJC_MSGSEND = YES;
				GCC_C_LANGUAGE_STANDARD = gnu11;
				GCC_NO_COMMON_BLOCKS = YES;
				GCC_WARN_64_TO_32_BIT_CONVERSION = YES;
				GCC_WARN_ABOUT_RETURN_TYPE = YES_ERROR;
				GCC_WARN_UNDECLARED_SELECTOR = YES;
				GCC_WARN_UNINITIALIZED_AUTOS = YES_AGGRESSIVE;
				GCC_WARN_UNUSED_FUNCTION = YES;
				GCC_WARN_UNUSED_VARIABLE = YES;
				IPHONEOS_DEPLOYMENT_TARGET = 12.1;
				MTL_ENABLE_DEBUG_INFO = NO;
				MTL_FAST_MATH = YES;
				SDKROOT = iphoneos;
				SWIFT_COMPILATION_MODE = wholemodule;
				SWIFT_OPTIMIZATION_LEVEL = "-O";
				VALIDATE_PRODUCT = YES;
			};
			name = Release;
		};
		37551D7C22034E9800BF9D16 /* Debug */ = {
			isa = XCBuildConfiguration;
			buildSettings = {
				ASSETCATALOG_COMPILER_APPICON_NAME = AppIcon;
				CODE_SIGN_STYLE = Automatic;
				DEVELOPMENT_TEAM = XGLFYTTWWH;
				INFOPLIST_FILE = "miner-mobile/Info.plist";
				LD_RUNPATH_SEARCH_PATHS = (
					"$(inherited)",
					"@executable_path/Frameworks",
				);
				PRODUCT_BUNDLE_IDENTIFIER = "FCSF.miner-mobile";
				PRODUCT_NAME = "$(TARGET_NAME)";
				SWIFT_VERSION = 4.2;
				TARGETED_DEVICE_FAMILY = "1,2";
			};
			name = Debug;
		};
		37551D7D22034E9800BF9D16 /* Release */ = {
			isa = XCBuildConfiguration;
			buildSettings = {
				ASSETCATALOG_COMPILER_APPICON_NAME = AppIcon;
				CODE_SIGN_STYLE = Automatic;
				DEVELOPMENT_TEAM = XGLFYTTWWH;
				INFOPLIST_FILE = "miner-mobile/Info.plist";
				LD_RUNPATH_SEARCH_PATHS = (
					"$(inherited)",
					"@executable_path/Frameworks",
				);
				PRODUCT_BUNDLE_IDENTIFIER = "FCSF.miner-mobile";
				PRODUCT_NAME = "$(TARGET_NAME)";
				SWIFT_VERSION = 4.2;
				TARGETED_DEVICE_FAMILY = "1,2";
			};
			name = Release;
		};
		37551D7F22034E9800BF9D16 /* Debug */ = {
			isa = XCBuildConfiguration;
			buildSettings = {
				ALWAYS_EMBED_SWIFT_STANDARD_LIBRARIES = YES;
				BUNDLE_LOADER = "$(TEST_HOST)";
				CODE_SIGN_STYLE = Automatic;
				DEVELOPMENT_TEAM = XGLFYTTWWH;
				INFOPLIST_FILE = "miner-mobileTests/Info.plist";
				LD_RUNPATH_SEARCH_PATHS = (
					"$(inherited)",
					"@executable_path/Frameworks",
					"@loader_path/Frameworks",
				);
				PRODUCT_BUNDLE_IDENTIFIER = "FCSF.miner-mobileTests";
				PRODUCT_NAME = "$(TARGET_NAME)";
				SWIFT_VERSION = 4.2;
				TARGETED_DEVICE_FAMILY = "1,2";
				TEST_HOST = "$(BUILT_PRODUCTS_DIR)/miner-mobile.app/miner-mobile";
			};
			name = Debug;
		};
		37551D8022034E9800BF9D16 /* Release */ = {
			isa = XCBuildConfiguration;
			buildSettings = {
				ALWAYS_EMBED_SWIFT_STANDARD_LIBRARIES = YES;
				BUNDLE_LOADER = "$(TEST_HOST)";
				CODE_SIGN_STYLE = Automatic;
				DEVELOPMENT_TEAM = XGLFYTTWWH;
				INFOPLIST_FILE = "miner-mobileTests/Info.plist";
				LD_RUNPATH_SEARCH_PATHS = (
					"$(inherited)",
					"@executable_path/Frameworks",
					"@loader_path/Frameworks",
				);
				PRODUCT_BUNDLE_IDENTIFIER = "FCSF.miner-mobileTests";
				PRODUCT_NAME = "$(TARGET_NAME)";
				SWIFT_VERSION = 4.2;
				TARGETED_DEVICE_FAMILY = "1,2";
				TEST_HOST = "$(BUILT_PRODUCTS_DIR)/miner-mobile.app/miner-mobile";
			};
			name = Release;
		};
		37551D8222034E9800BF9D16 /* Debug */ = {
			isa = XCBuildConfiguration;
			buildSettings = {
				ALWAYS_EMBED_SWIFT_STANDARD_LIBRARIES = YES;
				CODE_SIGN_STYLE = Automatic;
				DEVELOPMENT_TEAM = XGLFYTTWWH;
				INFOPLIST_FILE = "miner-mobileUITests/Info.plist";
				LD_RUNPATH_SEARCH_PATHS = (
					"$(inherited)",
					"@executable_path/Frameworks",
					"@loader_path/Frameworks",
				);
				PRODUCT_BUNDLE_IDENTIFIER = "FCSF.miner-mobileUITests";
				PRODUCT_NAME = "$(TARGET_NAME)";
				SWIFT_VERSION = 4.2;
				TARGETED_DEVICE_FAMILY = "1,2";
				TEST_TARGET_NAME = "miner-mobile";
			};
			name = Debug;
		};
		37551D8322034E9800BF9D16 /* Release */ = {
			isa = XCBuildConfiguration;
			buildSettings = {
				ALWAYS_EMBED_SWIFT_STANDARD_LIBRARIES = YES;
				CODE_SIGN_STYLE = Automatic;
				DEVELOPMENT_TEAM = XGLFYTTWWH;
				INFOPLIST_FILE = "miner-mobileUITests/Info.plist";
				LD_RUNPATH_SEARCH_PATHS = (
					"$(inherited)",
					"@executable_path/Frameworks",
					"@loader_path/Frameworks",
				);
				PRODUCT_BUNDLE_IDENTIFIER = "FCSF.miner-mobileUITests";
				PRODUCT_NAME = "$(TARGET_NAME)";
				SWIFT_VERSION = 4.2;
				TARGETED_DEVICE_FAMILY = "1,2";
				TEST_TARGET_NAME = "miner-mobile";
			};
			name = Release;
		};
/* End XCBuildConfiguration section */

/* Begin XCConfigurationList section */
		37551D4E22034E9700BF9D16 /* Build configuration list for PBXProject "miner-mobile" */ = {
			isa = XCConfigurationList;
			buildConfigurations = (
				37551D7922034E9800BF9D16 /* Debug */,
				37551D7A22034E9800BF9D16 /* Release */,
			);
			defaultConfigurationIsVisible = 0;
			defaultConfigurationName = Release;
		};
		37551D7B22034E9800BF9D16 /* Build configuration list for PBXNativeTarget "miner-mobile" */ = {
			isa = XCConfigurationList;
			buildConfigurations = (
				37551D7C22034E9800BF9D16 /* Debug */,
				37551D7D22034E9800BF9D16 /* Release */,
			);
			defaultConfigurationIsVisible = 0;
			defaultConfigurationName = Release;
		};
		37551D7E22034E9800BF9D16 /* Build configuration list for PBXNativeTarget "miner-mobileTests" */ = {
			isa = XCConfigurationList;
			buildConfigurations = (
				37551D7F22034E9800BF9D16 /* Debug */,
				37551D8022034E9800BF9D16 /* Release */,
			);
			defaultConfigurationIsVisible = 0;
			defaultConfigurationName = Release;
		};
		37551D8122034E9800BF9D16 /* Build configuration list for PBXNativeTarget "miner-mobileUITests" */ = {
			isa = XCConfigurationList;
			buildConfigurations = (
				37551D8222034E9800BF9D16 /* Debug */,
				37551D8322034E9800BF9D16 /* Release */,
			);
			defaultConfigurationIsVisible = 0;
			defaultConfigurationName = Release;
		};
/* End XCConfigurationList section */
	};
	rootObject = 37551D4B22034E9700BF9D16 /* Project object */;
}
